// !$*UTF8*$!
{
	archiveVersion = 1;
	classes = {
	};
	objectVersion = 60;
	objects = {

/* Begin PBXBuildFile section */
		01234567890123456789012A /* unwrappedApp.swift in Sources */ = {isa = PBXBuildFile; fileRef = 01234567890123456789012B /* unwrappedApp.swift */; };
		01234567890123456789012C /* ContentView.swift in Sources */ = {isa = PBXBuildFile; fileRef = 01234567890123456789012D /* ContentView.swift */; };
		01234567890123456789012E /* Assets.xcassets in Resources */ = {isa = PBXBuildFile; fileRef = 01234567890123456789012F /* Assets.xcassets */; };
		01234567890123456789023A /* Preview Assets.xcassets in Resources */ = {isa = PBXBuildFile; fileRef = 01234567890123456789023B /* Preview Assets.xcassets */; };
		01234567890123456789023C /* unwrappedTests.swift in Sources */ = {isa = PBXBuildFile; fileRef = 01234567890123456789023D /* unwrappedTests.swift */; };
		01234567890123456789023E /* unwrappedUITests.swift in Sources */ = {isa = PBXBuildFile; fileRef = 01234567890123456789023F /* unwrappedUITests.swift */; };
		01234567890123456789024A /* unwrappedUITestsLaunchTests.swift in Sources */ = {isa = PBXBuildFile; fileRef = 01234567890123456789024B /* unwrappedUITestsLaunchTests.swift */; };
/* End PBXBuildFile section */

/* Begin PBXContainerItemProxy section */
		01234567890123456789024C /* PBXContainerItemProxy */ = {
			isa = PBXContainerItemProxy;
			containerPortal = 01234567890123456789024D /* Project object */;
			proxyType = 1;
			remoteGlobalIDString = 01234567890123456789024E;
			remoteInfo = unwrapped;
		};
		01234567890123456789024F /* PBXContainerItemProxy */ = {
			isa = PBXContainerItemProxy;
			containerPortal = 01234567890123456789024D /* Project object */;
			proxyType = 1;
			remoteGlobalIDString = 01234567890123456789024E;
			remoteInfo = unwrapped;
		};
/* End PBXContainerItemProxy section */

/* Begin PBXFileReference section */
		01234567890123456789024E /* unwrapped.app */ = {isa = PBXFileReference; explicitFileType = wrapper.application; includeInIndex = 0; path = unwrapped.app; sourceTree = BUILT_PRODUCTS_DIR; };
		01234567890123456789012B /* unwrappedApp.swift */ = {isa = PBXFileReference; lastKnownFileType = sourcecode.swift; path = unwrappedApp.swift; sourceTree = "<group>"; };
		01234567890123456789012D /* ContentView.swift */ = {isa = PBXFileReference; lastKnownFileType = sourcecode.swift; path = ContentView.swift; sourceTree = "<group>"; };
		01234567890123456789012F /* Assets.xcassets */ = {isa = PBXFileReference; lastKnownFileType = folder.assetcatalog; path = Assets.xcassets; sourceTree = "<group>"; };
		01234567890123456789023B /* Preview Assets.xcassets */ = {isa = PBXFileReference; lastKnownFileType = folder.assetcatalog; path = "Preview Assets.xcassets"; sourceTree = "<group>"; };
		01234567890123456789025A /* unwrappedTests.xctest */ = {isa = PBXFileReference; explicitFileType = wrapper.cfbundle; includeInIndex = 0; path = unwrappedTests.xctest; sourceTree = BUILT_PRODUCTS_DIR; };
		01234567890123456789023D /* unwrappedTests.swift */ = {isa = PBXFileReference; lastKnownFileType = sourcecode.swift; path = unwrappedTests.swift; sourceTree = "<group>"; };
		01234567890123456789025B /* unwrappedUITests.xctest */ = {isa = PBXFileReference; explicitFileType = wrapper.cfbundle; includeInIndex = 0; path = unwrappedUITests.xctest; sourceTree = BUILT_PRODUCTS_DIR; };
		01234567890123456789023F /* unwrappedUITests.swift */ = {isa = PBXFileReference; lastKnownFileType = sourcecode.swift; path = unwrappedUITests.swift; sourceTree = "<group>"; };
		01234567890123456789024B /* unwrappedUITestsLaunchTests.swift */ = {isa = PBXFileReference; lastKnownFileType = sourcecode.swift; path = unwrappedUITestsLaunchTests.swift; sourceTree = "<group>"; };
/* End PBXFileReference section */

/* Begin PBXFrameworksBuildPhase section */
		01234567890123456789025C /* Frameworks */ = {
			isa = PBXFrameworksBuildPhase;
			buildActionMask = 2147483647;
			files = (
			);
			runOnlyForDeploymentPostprocessing = 0;
		};
		01234567890123456789025D /* Frameworks */ = {
			isa = PBXFrameworksBuildPhase;
			buildActionMask = 2147483647;
			files = (
			);
			runOnlyForDeploymentPostprocessing = 0;
		};
		01234567890123456789025E /* Frameworks */ = {
			isa = PBXFrameworksBuildPhase;
			buildActionMask = 2147483647;
			files = (
			);
			runOnlyForDeploymentPostprocessing = 0;
		};
/* End PBXFrameworksBuildPhase section */

/* Begin PBXGroup section */
		01234567890123456789025F /* unwrapped */ = {
			isa = PBXGroup;
			children = (
				01234567890123456789012B /* unwrappedApp.swift */,
				01234567890123456789012D /* ContentView.swift */,
				01234567890123456789012F /* Assets.xcassets */,
				01234567890123456789026A /* Preview Content */,
			);
			path = unwrapped;
			sourceTree = "<group>";
		};
		01234567890123456789026A /* Preview Content */ = {
			isa = PBXGroup;
			children = (
				01234567890123456789023B /* Preview Assets.xcassets */,
			);
			path = "Preview Content";
			sourceTree = "<group>";
		};
		01234567890123456789026B /* unwrappedTests */ = {
			isa = PBXGroup;
			children = (
				01234567890123456789023D /* unwrappedTests.swift */,
			);
			path = unwrappedTests;
			sourceTree = "<group>";
		};
		01234567890123456789026C /* unwrappedUITests */ = {
			isa = PBXGroup;
			children = (
				01234567890123456789023F /* unwrappedUITests.swift */,
				01234567890123456789024B /* unwrappedUITestsLaunchTests.swift */,
			);
			path = unwrappedUITests;
			sourceTree = "<group>";
		};
		01234567890123456789026D = {
			isa = PBXGroup;
			children = (
				01234567890123456789025F /* unwrapped */,
				01234567890123456789026B /* unwrappedTests */,
				01234567890123456789026C /* unwrappedUITests */,
				01234567890123456789026E /* Products */,
			);
			sourceTree = "<group>";
		};
		01234567890123456789026E /* Products */ = {
			isa = PBXGroup;
			children = (
				01234567890123456789024E /* unwrapped.app */,
				01234567890123456789025A /* unwrappedTests.xctest */,
				01234567890123456789025B /* unwrappedUITests.xctest */,
			);
			name = Products;
			sourceTree = "<group>";
		};
/* End PBXGroup section */

/* Begin PBXNativeTarget section */
		01234567890123456789024E /* unwrapped */ = {
			isa = PBXNativeTarget;
			buildConfigurationList = 01234567890123456789026F /* Build configuration list for PBXNativeTarget "unwrapped" */;
			buildPhases = (
				01234567890123456789027A /* Sources */,
				01234567890123456789025C /* Frameworks */,
				01234567890123456789027B /* Resources */,
			);
			buildRules = (
			);
			dependencies = (
			);
			name = unwrapped;
			productName = unwrapped;
			productReference = 01234567890123456789024E /* unwrapped.app */;
			productType = "com.apple.product-type.application";
		};
		01234567890123456789025A /* unwrappedTests */ = {
			isa = PBXNativeTarget;
			buildConfigurationList = 01234567890123456789027C /* Build configuration list for PBXNativeTarget "unwrappedTests" */;
			buildPhases = (
				01234567890123456789027D /* Sources */,
				01234567890123456789025D /* Frameworks */,
				01234567890123456789027E /* Resources */,
			);
			buildRules = (
			);
			dependencies = (
				01234567890123456789027F /* PBXTargetDependency */,
			);
			name = unwrappedTests;
			productName = unwrappedTests;
			productReference = 01234567890123456789025A /* unwrappedTests.xctest */;
			productType = "com.apple.product-type.bundle.unit-test";
		};
		01234567890123456789025B /* unwrappedUITests */ = {
			isa = PBXNativeTarget;
			buildConfigurationList = 01234567890123456789028A /* Build configuration list for PBXNativeTarget "unwrappedUITests" */;
			buildPhases = (
				01234567890123456789028B /* Sources */,
				01234567890123456789025E /* Frameworks */,
				01234567890123456789028C /* Resources */,
			);
			buildRules = (
			);
			dependencies = (
				01234567890123456789028D /* PBXTargetDependency */,
			);
			name = unwrappedUITests;
			productName = unwrappedUITests;
			productReference = 01234567890123456789025B /* unwrappedUITests.xctest */;
			productType = "com.apple.product-type.bundle.ui-testing";
		};
/* End PBXNativeTarget section */

/* Begin PBXProject section */
		01234567890123456789024D /* Project object */ = {
			isa = PBXProject;
			attributes = {
				BuildIndependentTargetsInParallel = 1;
				LastSwiftUpdateCheck = 1540;
				LastUpgradeCheck = 1540;
				TargetAttributes = {
					01234567890123456789024E = {
						CreatedOnToolsVersion = 15.4;
					};
					01234567890123456789025A = {
						CreatedOnToolsVersion = 15.4;
						TestTargetID = 01234567890123456789024E;
					};
					01234567890123456789025B = {
						CreatedOnToolsVersion = 15.4;
						TestTargetID = 01234567890123456789024E;
					};
				};
			};
			buildConfigurationList = 01234567890123456789028E /* Build configuration list for PBXProject "unwrapped" */;
			compatibilityVersion = "Xcode 14.0";
			developmentRegion = en;
			hasScannedForEncodings = 0;
			knownRegions = (
				en,
				Base,
			);
			mainGroup = 01234567890123456789026D;
			productRefGroup = 01234567890123456789026E /* Products */;
			projectDirPath = "";
			projectRoot = "";
			targets = (
				01234567890123456789024E /* unwrapped */,
				01234567890123456789025A /* unwrappedTests */,
				01234567890123456789025B /* unwrappedUITests */,
			);
		};
/* End PBXProject section */

/* Begin PBXResourcesBuildPhase section */
		01234567890123456789027B /* Resources */ = {
			isa = PBXResourcesBuildPhase;
			buildActionMask = 2147483647;
			files = (
				01234567890123456789023A /* Preview Assets.xcassets in Resources */,
				01234567890123456789012E /* Assets.xcassets in Resources */,
			);
			runOnlyForDeploymentPostprocessing = 0;
		};
		01234567890123456789027E /* Resources */ = {
			isa = PBXResourcesBuildPhase;
			buildActionMask = 2147483647;
			files = (
			);
			runOnlyForDeploymentPostprocessing = 0;
		};
		01234567890123456789028C /* Resources */ = {
			isa = PBXResourcesBuildPhase;
			buildActionMask = 2147483647;
			files = (
			);
			runOnlyForDeploymentPostprocessing = 0;
		};
/* End PBXResourcesBuildPhase section */

/* Begin PBXSourcesBuildPhase section */
		01234567890123456789027A /* Sources */ = {
			isa = PBXSourcesBuildPhase;
			buildActionMask = 2147483647;
			files = (
				01234567890123456789012C /* ContentView.swift in Sources */,
				01234567890123456789012A /* unwrappedApp.swift in Sources */,
			);
			runOnlyForDeploymentPostprocessing = 0;
		};
		01234567890123456789027D /* Sources */ = {
			isa = PBXSourcesBuildPhase;
			buildActionMask = 2147483647;
			files = (
				01234567890123456789023C /* unwrappedTests.swift in Sources */,
			);
			runOnlyForDeploymentPostprocessing = 0;
		};
		01234567890123456789028B /* Sources */ = {
			isa = PBXSourcesBuildPhase;
			buildActionMask = 2147483647;
			files = (
				01234567890123456789024A /* unwrappedUITestsLaunchTests.swift in Sources */,
				01234567890123456789023E /* unwrappedUITests.swift in Sources */,
			);
			runOnlyForDeploymentPostprocessing = 0;
		};
/* End PBXSourcesBuildPhase section */

/* Begin PBXTargetDependency section */
		01234567890123456789027F /* PBXTargetDependency */ = {
			isa = PBXTargetDependency;
			target = 01234567890123456789024E /* unwrapped */;
			targetProxy = 01234567890123456789024C /* PBXContainerItemProxy */;
		};
		01234567890123456789028D /* PBXTargetDependency */ = {
			isa = PBXTargetDependency;
			target = 01234567890123456789024E /* unwrapped */;
			targetProxy = 01234567890123456789024F /* PBXContainerItemProxy */;
		};
/* End PBXTargetDependency section */

/* Begin XCBuildConfiguration section */
		01234567890123456789028F /* Debug */ = {
			isa = XCBuildConfiguration;
			buildSettings = {
				ALWAYS_SEARCH_USER_PATHS = NO;
				ASSETCATALOG_COMPILER_GENERATE_SWIFT_ASSET_SYMBOL_EXTENSIONS = YES;
				CLANG_ANALYZER_NONNULL = YES;
				CLANG_ANALYZER_NUMBER_OBJECT_CONVERSION = YES_AGGRESSIVE;
				CLANG_CXX_LANGUAGE_STANDARD = "gnu++20";
				CLANG_ENABLE_MODULES = YES;
				CLANG_ENABLE_OBJC_ARC = YES;
				CLANG_ENABLE_OBJC_WEAK = YES;
				CLANG_WARN_BLOCK_CAPTURE_AUTORELEASING = YES;
				CLANG_WARN_BOOL_CONVERSION = YES;
				CLANG_WARN_COMMA = YES;
				CLANG_WARN_CONSTANT_CONVERSION = YES;
				CLANG_WARN_DEPRECATED_OBJC_IMPLEMENTATIONS = YES;
				CLANG_WARN_DIRECT_OBJC_ISA_USAGE = YES_ERROR;
				CLANG_WARN_DOCUMENTATION_COMMENTS = YES;
				CLANG_WARN_EMPTY_BODY = YES;
				CLANG_WARN_ENUM_CONVERSION = YES;
				CLANG_WARN_INFINITE_RECURSION = YES;
				CLANG_WARN_INT_CONVERSION = YES;
				CLANG_WARN_NON_LITERAL_NULL_CONVERSION = YES;
				CLANG_WARN_OBJC_IMPLICIT_RETAIN_SELF = YES;
				CLANG_WARN_OBJC_LITERAL_CONVERSION = YES;
				CLANG_WARN_OBJC_ROOT_CLASS = YES_ERROR;
				CLANG_WARN_QUOTED_INCLUDE_IN_FRAMEWORK_HEADER = YES;
				CLANG_WARN_RANGE_LOOP_ANALYSIS = YES;
				CLANG_WARN_STRICT_PROTOTYPES = YES;
				CLANG_WARN_SUSPICIOUS_MOVE = YES;
				CLANG_WARN_UNGUARDED_AVAILABILITY = YES_AGGRESSIVE;
				CLANG_WARN_UNREACHABLE_CODE = YES;
				CLANG_WARN__DUPLICATE_METHOD_MATCH = YES;
				COPY_PHASE_STRIP = NO;
				DEBUG_INFORMATION_FORMAT = dwarf;
				ENABLE_STRICT_OBJC_MSGSEND = YES;
				ENABLE_TESTABILITY = YES;
				ENABLE_USER_SCRIPT_SANDBOXING = YES;
				GCC_C_LANGUAGE_STANDARD = gnu17;
				GCC_DYNAMIC_NO_PIC = NO;
				GCC_NO_COMMON_BLOCKS = YES;
				GCC_OPTIMIZATION_LEVEL = 0;
				GCC_PREPROCESSOR_DEFINITIONS = (
					"DEBUG=1",
					"$(inherited)",
				);
				GCC_WARN_64_TO_32_BIT_CONVERSION = YES;
				GCC_WARN_ABOUT_RETURN_TYPE = YES_ERROR;
				GCC_WARN_UNDECLARED_SELECTOR = YES;
				GCC_WARN_UNINITIALIZED_AUTOS = YES_AGGRESSIVE;
				GCC_WARN_UNUSED_FUNCTION = YES;
				GCC_WARN_UNUSED_VARIABLE = YES;
				IPHONEOS_DEPLOYMENT_TARGET = 17.0;
				LOCALIZATION_PREFERS_STRING_CATALOGS = YES;
				MTL_ENABLE_DEBUG_INFO = INCLUDE_SOURCE;
				MTL_FAST_MATH = YES;
				ONLY_ACTIVE_ARCH = YES;
				SDKROOT = iphoneos;
				SWIFT_ACTIVE_COMPILATION_CONDITIONS = "DEBUG $(inherited)";
				SWIFT_OPTIMIZATION_LEVEL = "-Onone";
			};
			name = Debug;
		};
		01234567890123456789029A /* Release */ = {
			isa = XCBuildConfiguration;
			buildSettings = {
				ALWAYS_SEARCH_USER_PATHS = NO;
				ASSETCATALOG_COMPILER_GENERATE_SWIFT_ASSET_SYMBOL_EXTENSIONS = YES;
				CLANG_ANALYZER_NONNULL = YES;
				CLANG_ANALYZER_NUMBER_OBJECT_CONVERSION = YES_AGGRESSIVE;
				CLANG_CXX_LANGUAGE_STANDARD = "gnu++20";
				CLANG_ENABLE_MODULES = YES;
				CLANG_ENABLE_OBJC_ARC = YES;
				CLANG_ENABLE_OBJC_WEAK = YES;
				CLANG_WARN_BLOCK_CAPTURE_AUTORELEASING = YES;
				CLANG_WARN_BOOL_CONVERSION = YES;
				CLANG_WARN_COMMA = YES;
				CLANG_WARN_CONSTANT_CONVERSION = YES;
				CLANG_WARN_DEPRECATED_OBJC_IMPLEMENTATIONS = YES;
				CLANG_WARN_DIRECT_OBJC_ISA_USAGE = YES_ERROR;
				CLANG_WARN_DOCUMENTATION_COMMENTS = YES;
				CLANG_WARN_EMPTY_BODY = YES;
				CLANG_WARN_ENUM_CONVERSION = YES;
				CLANG_WARN_INFINITE_RECURSION = YES;
				CLANG_WARN_INT_CONVERSION = YES;
				CLANG_WARN_NON_LITERAL_NULL_CONVERSION = YES;
				CLANG_WARN_OBJC_IMPLICIT_RETAIN_SELF = YES;
				CLANG_WARN_OBJC_LITERAL_CONVERSION = YES;
				CLANG_WARN_OBJC_ROOT_CLASS = YES_ERROR;
				CLANG_WARN_QUOTED_INCLUDE_IN_FRAMEWORK_HEADER = YES;
				CLANG_WARN_RANGE_LOOP_ANALYSIS = YES;
				CLANG_WARN_STRICT_PROTOTYPES = YES;
				CLANG_WARN_SUSPICIOUS_MOVE = YES;
				CLANG_WARN_UNGUARDED_AVAILABILITY = YES_AGGRESSIVE;
				CLANG_WARN_UNREACHABLE_CODE = YES;
				CLANG_WARN__DUPLICATE_METHOD_MATCH = YES;
				COPY_PHASE_STRIP = NO;
				DEBUG_INFORMATION_FORMAT = "dwarf-with-dsym";
				ENABLE_NS_ASSERTIONS = NO;
				ENABLE_STRICT_OBJC_MSGSEND = YES;
				ENABLE_USER_SCRIPT_SANDBOXING = YES;
				GCC_C_LANGUAGE_STANDARD = gnu17;
				GCC_NO_COMMON_BLOCKS = YES;
				GCC_WARN_64_TO_32_BIT_CONVERSION = YES;
				GCC_WARN_ABOUT_RETURN_TYPE = YES_ERROR;
				GCC_WARN_UNDECLARED_SELECTOR = YES;
				GCC_WARN_UNINITIALIZED_AUTOS = YES_AGGRESSIVE;
				GCC_WARN_UNUSED_FUNCTION = YES;
				GCC_WARN_UNUSED_VARIABLE = YES;
				IPHONEOS_DEPLOYMENT_TARGET = 17.0;
				LOCALIZATION_PREFERS_STRING_CATALOGS = YES;
				MTL_ENABLE_DEBUG_INFO = NO;
				MTL_FAST_MATH = YES;
				SDKROOT = iphoneos;
				SWIFT_COMPILATION_MODE = wholemodule;
				VALIDATE_PRODUCT = YES;
			};
			name = Release;
		};
		01234567890123456789029B /* Debug */ = {
			isa = XCBuildConfiguration;
			buildSettings = {
				ASSETCATALOG_COMPILER_APPICON_NAME = AppIcon;
				ASSETCATALOG_COMPILER_GLOBAL_ACCENT_COLOR_NAME = AccentColor;
				CODE_SIGN_STYLE = Automatic;
				CURRENT_PROJECT_VERSION = 1;
				DEVELOPMENT_ASSET_PATHS = "\"unwrapped/Preview Content\"";
				DEVELOPMENT_TEAM = idk;
				ENABLE_PREVIEWS = YES;
				GENERATE_INFOPLIST_FILE = YES;
				INFOPLIST_KEY_UIApplicationSceneManifest_Generation = YES;
				INFOPLIST_KEY_UIApplicationSupportsIndirectInputEvents = YES;
				INFOPLIST_KEY_UILaunchScreen_Generation = YES;
				INFOPLIST_KEY_UISupportedInterfaceOrientations_iPad = "UIInterfaceOrientationPortrait UIInterfaceOrientationPortraitUpsideDown UIInterfaceOrientationLandscapeLeft UIInterfaceOrientationLandscapeRight";
				INFOPLIST_KEY_UISupportedInterfaceOrientations_iPhone = "UIInterfaceOrientationPortrait UIInterfaceOrientationLandscapeLeft UIInterfaceOrientationLandscapeRight";
				LD_RUNPATH_SEARCH_PATHS = (
					"$(inherited)",
					"@executable_path/Frameworks",
				);
				MARKETING_VERSION = 1.0;
				PRODUCT_BUNDLE_IDENTIFIER = "idk.unwrapped";
				PRODUCT_NAME = "$(TARGET_NAME)";
				SWIFT_EMIT_LOC_STRINGS = YES;
				SWIFT_VERSION = 5.0;
				TARGETED_DEVICE_FAMILY = "1,2";
			};
			name = Debug;
		};
		01234567890123456789029C /* Release */ = {
			isa = XCBuildConfiguration;
			buildSettings = {
				ASSETCATALOG_COMPILER_APPICON_NAME = AppIcon;
				ASSETCATALOG_COMPILER_GLOBAL_ACCENT_COLOR_NAME = AccentColor;
				CODE_SIGN_STYLE = Automatic;
				CURRENT_PROJECT_VERSION = 1;
				DEVELOPMENT_ASSET_PATHS = "\"unwrapped/Preview Content\"";
				DEVELOPMENT_TEAM = idk;
				ENABLE_PREVIEWS = YES;
				GENERATE_INFOPLIST_FILE = YES;
				INFOPLIST_KEY_UIApplicationSceneManifest_Generation = YES;
				INFOPLIST_KEY_UIApplicationSupportsIndirectInputEvents = YES;
				INFOPLIST_KEY_UILaunchScreen_Generation = YES;
				INFOPLIST_KEY_UISupportedInterfaceOrientations_iPad = "UIInterfaceOrientationPortrait UIInterfaceOrientationPortraitUpsideDown UIInterfaceOrientationLandscapeLeft UIInterfaceOrientationLandscapeRight";
				INFOPLIST_KEY_UISupportedInterfaceOrientations_iPhone = "UIInterfaceOrientationPortrait UIInterfaceOrientationLandscapeLeft UIInterfaceOrientationLandscapeRight";
				LD_RUNPATH_SEARCH_PATHS = (
					"$(inherited)",
					"@executable_path/Frameworks",
				);
				MARKETING_VERSION = 1.0;
				PRODUCT_BUNDLE_IDENTIFIER = "idk.unwrapped";
				PRODUCT_NAME = "$(TARGET_NAME)";
				SWIFT_EMIT_LOC_STRINGS = YES;
				SWIFT_VERSION = 5.0;
				TARGETED_DEVICE_FAMILY = "1,2";
			};
			name = Release;
		};
/* End XCBuildConfiguration section */

/* Begin XCConfigurationList section */
		01234567890123456789026F /* Build configuration list for PBXNativeTarget "unwrapped" */ = {
			isa = XCConfigurationList;
			buildConfigurations = (
				01234567890123456789029B /* Debug */,
				01234567890123456789029C /* Release */,
			);
			defaultConfigurationIsVisible = 0;
			defaultConfigurationName = Release;
		};
		01234567890123456789027C /* Build configuration list for PBXNativeTarget "unwrappedTests" */ = {
			isa = XCConfigurationList;
			buildConfigurations = (
			);
			defaultConfigurationIsVisible = 0;
			defaultConfigurationName = Release;
		};
		01234567890123456789028A /* Build configuration list for PBXNativeTarget "unwrappedUITests" */ = {
			isa = XCConfigurationList;
			buildConfigurations = (
			);
			defaultConfigurationIsVisible = 0;
			defaultConfigurationName = Release;
		};
		01234567890123456789028E /* Build configuration list for PBXProject "unwrapped" */ = {
			isa = XCConfigurationList;
			buildConfigurations = (
				01234567890123456789028F /* Debug */,
				01234567890123456789029A /* Release */,
			);
			defaultConfigurationIsVisible = 0;
			defaultConfigurationName = Release;
		};
/* End XCConfigurationList section */
	};
	rootObject = 01234567890123456789024D /* Project object */;
}